
Microsoft Visual Studio Solution File, Format Version 12.00
# Visual Studio Version 17
VisualStudioVersion = 17.7.34003.232
MinimumVisualStudioVersion = 10.0.40219.1
Project("{FAE04EC0-301F-11D3-BF4B-00C04F79EFBC}") = "Student_Management", "Student_Management\Student_Management.csproj", "{806DB44B-17A5-4838-9C7B-8C63C4417126}"
EndProject
Global
	GlobalSection(SolutionConfigurationPlatforms) = preSolution
		Debug|Any CPU = Debug|Any CPU
		Release|Any CPU = Release|Any CPU
	EndGlobalSection
	GlobalSection(ProjectConfigurationPlatforms) = postSolution
		{806DB44B-17A5-4838-9C7B-8C63C4417126}.Debug|Any CPU.ActiveCfg = Debug|Any CPU
		{806DB44B-17A5-4838-9C7B-8C63C4417126}.Debug|Any CPU.Build.0 = Debug|Any CPU
		{806DB44B-17A5-4838-9C7B-8C63C4417126}.Release|Any CPU.ActiveCfg = Release|Any CPU
		{806DB44B-17A5-4838-9C7B-8C63C4417126}.Release|Any CPU.Build.0 = Release|Any CPU
	EndGlobalSection
	GlobalSection(SolutionProperties) = preSolution
		HideSolutionNode = FALSE
	EndGlobalSection
	GlobalSection(ExtensibilityGlobals) = postSolution
		SolutionGuid = {FA81592E-635A-4BB9-B577-E183E92D34E2}
	EndGlobalSection
EndGlobal
